
Microsoft Visual Studio Solution File, Format Version 12.00
# Visual Studio Version 16
VisualStudioVersion = 16.0.29519.87
MinimumVisualStudioVersion = 10.0.40219.1
Project("{9A19103F-16F7-4668-BE54-9A1E7A4F7556}") = "MusicPlay2", "MusicPlay2\MusicPlay2.csproj", "{BC686C90-D318-477A-81DE-CD74ADA47F4C}"
EndProject
Project("{FAE04EC0-301F-11D3-BF4B-00C04F79EFBC}") = "MahApps.Metro", "MahApps.Metro\MahApps.Metro.csproj", "{F718C1C9-8F2D-4132-A55D-3EE38041F9B0}"
EndProject
Global
	GlobalSection(SolutionConfigurationPlatforms) = preSolution
		Debug|Any CPU = Debug|Any CPU
		Release|Any CPU = Release|Any CPU
	EndGlobalSection
	GlobalSection(ProjectConfigurationPlatforms) = postSolution
		{BC686C90-D318-477A-81DE-CD74ADA47F4C}.Debug|Any CPU.ActiveCfg = Debug|Any CPU
		{BC686C90-D318-477A-81DE-CD74ADA47F4C}.Debug|Any CPU.Build.0 = Debug|Any CPU
		{BC686C90-D318-477A-81DE-CD74ADA47F4C}.Release|Any CPU.ActiveCfg = Release|Any CPU
		{BC686C90-D318-477A-81DE-CD74ADA47F4C}.Release|Any CPU.Build.0 = Release|Any CPU
		{F718C1C9-8F2D-4132-A55D-3EE38041F9B0}.Debug|Any CPU.ActiveCfg = Debug|Any CPU
		{F718C1C9-8F2D-4132-A55D-3EE38041F9B0}.Debug|Any CPU.Build.0 = Debug|Any CPU
		{F718C1C9-8F2D-4132-A55D-3EE38041F9B0}.Release|Any CPU.ActiveCfg = Release|Any CPU
		{F718C1C9-8F2D-4132-A55D-3EE38041F9B0}.Release|Any CPU.Build.0 = Release|Any CPU
	EndGlobalSection
	GlobalSection(SolutionProperties) = preSolution
		HideSolutionNode = FALSE
	EndGlobalSection
	GlobalSection(ExtensibilityGlobals) = postSolution
		SolutionGuid = {EB988FF7-1CDD-4E2B-BDD1-6BC1E20171F7}
	EndGlobalSection
EndGlobal
